
Microsoft Visual Studio Solution File, Format Version 12.00
# Visual Studio 15
VisualStudioVersion = 15.0.26730.12
MinimumVisualStudioVersion = 10.0.40219.1
Project("{FAE04EC0-301F-11D3-BF4B-00C04F79EFBC}") = "Plug.Web", "Plug.Web\Plug.Web.csproj", "{1E09EC6D-2F8A-494D-85F1-513A3502BD44}"
EndProject
Project("{2150E333-8FDC-42A3-9474-1A3956D46DE8}") = "Model", "Model", "{1C74A634-33D7-4E20-BEE7-86E21A63F0D4}"
EndProject
Project("{FAE04EC0-301F-11D3-BF4B-00C04F79EFBC}") = "Plug.Entities", "Plug.Entities\Plug.Entities.csproj", "{0B562CE3-C284-4C96-BE60-C7EDD12D960B}"
EndProject
Project("{FAE04EC0-301F-11D3-BF4B-00C04F79EFBC}") = "Plug.Models", "Plug.Models\Plug.Models.csproj", "{F7E75134-52C0-43E8-B732-EA630E32AC8F}"
EndProject
Project("{2150E333-8FDC-42A3-9474-1A3956D46DE8}") = "Repositories", "Repositories", "{FB249AA0-A8D5-4088-975D-29BAF7E45DA6}"
EndProject
Project("{2150E333-8FDC-42A3-9474-1A3956D46DE8}") = "Services", "Services", "{9658E42F-BBCD-40A4-B91A-E450F0EFFC21}"
EndProject
Project("{2150E333-8FDC-42A3-9474-1A3956D46DE8}") = "Depencencies", "Depencencies", "{A5BCA91F-C593-4874-AD9F-385A16B04088}"
EndProject
Project("{FAE04EC0-301F-11D3-BF4B-00C04F79EFBC}") = "Plug.Data", "Plug.Data\Plug.Data.csproj", "{6DC9D3A1-BD6A-49C4-A879-F5343741707B}"
EndProject
Project("{FAE04EC0-301F-11D3-BF4B-00C04F79EFBC}") = "Plug.Services", "Plug.Services\Plug.Services.csproj", "{3876AA57-EEDA-495A-9EFC-3322D7D2E02F}"
EndProject
Project("{FAE04EC0-301F-11D3-BF4B-00C04F79EFBC}") = "Plug.Business", "Plug.Business\Plug.Business.csproj", "{18ED8066-140C-4349-BC04-CF065804810B}"
EndProject
Project("{FAE04EC0-301F-11D3-BF4B-00C04F79EFBC}") = "Plug.DataRepositories", "Plug.DataRepositories\Plug.DataRepositories.csproj", "{24A75BB8-5EE3-46FE-9B4A-2595B55BA79B}"
EndProject
Project("{2150E333-8FDC-42A3-9474-1A3956D46DE8}") = "Test", "Test", "{8A38D306-D165-42D2-8DF3-CD7103389B7E}"
EndProject
Project("{FAE04EC0-301F-11D3-BF4B-00C04F79EFBC}") = "Plug.ServicesTest", "Plug.ServicesTest\Plug.ServicesTest.csproj", "{7B0CACBF-CE91-4CE7-84B8-86E1CF4B1309}"
EndProject
Project("{2150E333-8FDC-42A3-9474-1A3956D46DE8}") = "Common", "Common", "{A6CBD003-6563-461B-831B-4F1FEF9F8653}"
EndProject
Project("{FAE04EC0-301F-11D3-BF4B-00C04F79EFBC}") = "Plug.Resources", "Plug.Resources\Plug.Resources.csproj", "{FD537826-DC83-4665-9EAB-154E7C24F15F}"
EndProject
Global
	GlobalSection(SolutionConfigurationPlatforms) = preSolution
		Debug|Any CPU = Debug|Any CPU
		Release|Any CPU = Release|Any CPU
	EndGlobalSection
	GlobalSection(ProjectConfigurationPlatforms) = postSolution
		{1E09EC6D-2F8A-494D-85F1-513A3502BD44}.Debug|Any CPU.ActiveCfg = Debug|Any CPU
		{1E09EC6D-2F8A-494D-85F1-513A3502BD44}.Debug|Any CPU.Build.0 = Debug|Any CPU
		{1E09EC6D-2F8A-494D-85F1-513A3502BD44}.Release|Any CPU.ActiveCfg = Release|Any CPU
		{1E09EC6D-2F8A-494D-85F1-513A3502BD44}.Release|Any CPU.Build.0 = Release|Any CPU
		{0B562CE3-C284-4C96-BE60-C7EDD12D960B}.Debug|Any CPU.ActiveCfg = Debug|Any CPU
		{0B562CE3-C284-4C96-BE60-C7EDD12D960B}.Debug|Any CPU.Build.0 = Debug|Any CPU
		{0B562CE3-C284-4C96-BE60-C7EDD12D960B}.Release|Any CPU.ActiveCfg = Release|Any CPU
		{0B562CE3-C284-4C96-BE60-C7EDD12D960B}.Release|Any CPU.Build.0 = Release|Any CPU
		{F7E75134-52C0-43E8-B732-EA630E32AC8F}.Debug|Any CPU.ActiveCfg = Debug|Any CPU
		{F7E75134-52C0-43E8-B732-EA630E32AC8F}.Debug|Any CPU.Build.0 = Debug|Any CPU
		{F7E75134-52C0-43E8-B732-EA630E32AC8F}.Release|Any CPU.ActiveCfg = Release|Any CPU
		{F7E75134-52C0-43E8-B732-EA630E32AC8F}.Release|Any CPU.Build.0 = Release|Any CPU
		{6DC9D3A1-BD6A-49C4-A879-F5343741707B}.Debug|Any CPU.ActiveCfg = Debug|Any CPU
		{6DC9D3A1-BD6A-49C4-A879-F5343741707B}.Debug|Any CPU.Build.0 = Debug|Any CPU
		{6DC9D3A1-BD6A-49C4-A879-F5343741707B}.Release|Any CPU.ActiveCfg = Release|Any CPU
		{6DC9D3A1-BD6A-49C4-A879-F5343741707B}.Release|Any CPU.Build.0 = Release|Any CPU
		{3876AA57-EEDA-495A-9EFC-3322D7D2E02F}.Debug|Any CPU.ActiveCfg = Debug|Any CPU
		{3876AA57-EEDA-495A-9EFC-3322D7D2E02F}.Debug|Any CPU.Build.0 = Debug|Any CPU
		{3876AA57-EEDA-495A-9EFC-3322D7D2E02F}.Release|Any CPU.ActiveCfg = Release|Any CPU
		{3876AA57-EEDA-495A-9EFC-3322D7D2E02F}.Release|Any CPU.Build.0 = Release|Any CPU
		{18ED8066-140C-4349-BC04-CF065804810B}.Debug|Any CPU.ActiveCfg = Debug|Any CPU
		{18ED8066-140C-4349-BC04-CF065804810B}.Debug|Any CPU.Build.0 = Debug|Any CPU
		{18ED8066-140C-4349-BC04-CF065804810B}.Release|Any CPU.ActiveCfg = Release|Any CPU
		{18ED8066-140C-4349-BC04-CF065804810B}.Release|Any CPU.Build.0 = Release|Any CPU
		{24A75BB8-5EE3-46FE-9B4A-2595B55BA79B}.Debug|Any CPU.ActiveCfg = Debug|Any CPU
		{24A75BB8-5EE3-46FE-9B4A-2595B55BA79B}.Debug|Any CPU.Build.0 = Debug|Any CPU
		{24A75BB8-5EE3-46FE-9B4A-2595B55BA79B}.Release|Any CPU.ActiveCfg = Release|Any CPU
		{24A75BB8-5EE3-46FE-9B4A-2595B55BA79B}.Release|Any CPU.Build.0 = Release|Any CPU
		{7B0CACBF-CE91-4CE7-84B8-86E1CF4B1309}.Debug|Any CPU.ActiveCfg = Debug|Any CPU
		{7B0CACBF-CE91-4CE7-84B8-86E1CF4B1309}.Debug|Any CPU.Build.0 = Debug|Any CPU
		{7B0CACBF-CE91-4CE7-84B8-86E1CF4B1309}.Release|Any CPU.ActiveCfg = Release|Any CPU
		{7B0CACBF-CE91-4CE7-84B8-86E1CF4B1309}.Release|Any CPU.Build.0 = Release|Any CPU
		{FD537826-DC83-4665-9EAB-154E7C24F15F}.Debug|Any CPU.ActiveCfg = Debug|Any CPU
		{FD537826-DC83-4665-9EAB-154E7C24F15F}.Debug|Any CPU.Build.0 = Debug|Any CPU
		{FD537826-DC83-4665-9EAB-154E7C24F15F}.Release|Any CPU.ActiveCfg = Release|Any CPU
		{FD537826-DC83-4665-9EAB-154E7C24F15F}.Release|Any CPU.Build.0 = Release|Any CPU
	EndGlobalSection
	GlobalSection(SolutionProperties) = preSolution
		HideSolutionNode = FALSE
	EndGlobalSection
	GlobalSection(NestedProjects) = preSolution
		{0B562CE3-C284-4C96-BE60-C7EDD12D960B} = {1C74A634-33D7-4E20-BEE7-86E21A63F0D4}
		{F7E75134-52C0-43E8-B732-EA630E32AC8F} = {1C74A634-33D7-4E20-BEE7-86E21A63F0D4}
		{6DC9D3A1-BD6A-49C4-A879-F5343741707B} = {A5BCA91F-C593-4874-AD9F-385A16B04088}
		{3876AA57-EEDA-495A-9EFC-3322D7D2E02F} = {9658E42F-BBCD-40A4-B91A-E450F0EFFC21}
		{18ED8066-140C-4349-BC04-CF065804810B} = {A5BCA91F-C593-4874-AD9F-385A16B04088}
		{24A75BB8-5EE3-46FE-9B4A-2595B55BA79B} = {FB249AA0-A8D5-4088-975D-29BAF7E45DA6}
		{7B0CACBF-CE91-4CE7-84B8-86E1CF4B1309} = {8A38D306-D165-42D2-8DF3-CD7103389B7E}
		{FD537826-DC83-4665-9EAB-154E7C24F15F} = {A6CBD003-6563-461B-831B-4F1FEF9F8653}
	EndGlobalSection
	GlobalSection(ExtensibilityGlobals) = postSolution
		SolutionGuid = {EF728EA3-8BC3-49DF-837C-E44664AD97F7}
	EndGlobalSection
EndGlobal
